
Microsoft Visual Studio Solution File, Format Version 12.00
# Visual Studio 15
VisualStudioVersion = 15.0.27703.2042
MinimumVisualStudioVersion = 10.0.40219.1
Project("{00D1A9C2-B5F0-4AF3-8072-F6C62B433612}") = "Database1", "Database1\Database1.sqlproj", "{B0ABCB86-5E34-44E2-8D59-A3AF13C60ACC}"
EndProject
Project("{FAE04EC0-301F-11D3-BF4B-00C04F79EFBC}") = "Cursova", "Cursova\Cursova.csproj", "{635C4CFD-D08D-4AF1-AA19-498FCC7A1C4F}"
EndProject
Project("{FAE04EC0-301F-11D3-BF4B-00C04F79EFBC}") = "HotelLibrary", "HotelLibrary\HotelLibrary.csproj", "{F776BD44-E1E2-4573-B9C0-5F7BFD6D0E31}"
EndProject
Global
	GlobalSection(SolutionConfigurationPlatforms) = preSolution
		Debug|Any CPU = Debug|Any CPU
		Release|Any CPU = Release|Any CPU
	EndGlobalSection
	GlobalSection(ProjectConfigurationPlatforms) = postSolution
		{B0ABCB86-5E34-44E2-8D59-A3AF13C60ACC}.Debug|Any CPU.ActiveCfg = Debug|Any CPU
		{B0ABCB86-5E34-44E2-8D59-A3AF13C60ACC}.Debug|Any CPU.Build.0 = Debug|Any CPU
		{B0ABCB86-5E34-44E2-8D59-A3AF13C60ACC}.Debug|Any CPU.Deploy.0 = Debug|Any CPU
		{B0ABCB86-5E34-44E2-8D59-A3AF13C60ACC}.Release|Any CPU.ActiveCfg = Release|Any CPU
		{B0ABCB86-5E34-44E2-8D59-A3AF13C60ACC}.Release|Any CPU.Build.0 = Release|Any CPU
		{B0ABCB86-5E34-44E2-8D59-A3AF13C60ACC}.Release|Any CPU.Deploy.0 = Release|Any CPU
		{635C4CFD-D08D-4AF1-AA19-498FCC7A1C4F}.Debug|Any CPU.ActiveCfg = Debug|Any CPU
		{635C4CFD-D08D-4AF1-AA19-498FCC7A1C4F}.Debug|Any CPU.Build.0 = Debug|Any CPU
		{635C4CFD-D08D-4AF1-AA19-498FCC7A1C4F}.Release|Any CPU.ActiveCfg = Release|Any CPU
		{635C4CFD-D08D-4AF1-AA19-498FCC7A1C4F}.Release|Any CPU.Build.0 = Release|Any CPU
		{F776BD44-E1E2-4573-B9C0-5F7BFD6D0E31}.Debug|Any CPU.ActiveCfg = Debug|Any CPU
		{F776BD44-E1E2-4573-B9C0-5F7BFD6D0E31}.Debug|Any CPU.Build.0 = Debug|Any CPU
		{F776BD44-E1E2-4573-B9C0-5F7BFD6D0E31}.Release|Any CPU.ActiveCfg = Release|Any CPU
		{F776BD44-E1E2-4573-B9C0-5F7BFD6D0E31}.Release|Any CPU.Build.0 = Release|Any CPU
	EndGlobalSection
	GlobalSection(SolutionProperties) = preSolution
		HideSolutionNode = FALSE
	EndGlobalSection
	GlobalSection(ExtensibilityGlobals) = postSolution
		SolutionGuid = {EF337DEC-2AC6-4079-957F-5224510A7BB6}
	EndGlobalSection
EndGlobal
